
Microsoft Visual Studio Solution File, Format Version 12.00
# Visual Studio Version 17
VisualStudioVersion = 17.2.32526.322
MinimumVisualStudioVersion = 10.0.40219.1
Project("{FAE04EC0-301F-11D3-BF4B-00C04F79EFBC}") = "Patterns", "Patterns.csproj", "{12C9AEC9-F500-4300-AA6A-100B6340BFD5}"
EndProject
Global
	GlobalSection(SolutionConfigurationPlatforms) = preSolution
		Debug|Any CPU = Debug|Any CPU
		Release|Any CPU = Release|Any CPU
	EndGlobalSection
	GlobalSection(ProjectConfigurationPlatforms) = postSolution
		{12C9AEC9-F500-4300-AA6A-100B6340BFD5}.Debug|Any CPU.ActiveCfg = Debug|Any CPU
		{12C9AEC9-F500-4300-AA6A-100B6340BFD5}.Debug|Any CPU.Build.0 = Debug|Any CPU
		{12C9AEC9-F500-4300-AA6A-100B6340BFD5}.Release|Any CPU.ActiveCfg = Release|Any CPU
		{12C9AEC9-F500-4300-AA6A-100B6340BFD5}.Release|Any CPU.Build.0 = Release|Any CPU
	EndGlobalSection
	GlobalSection(SolutionProperties) = preSolution
		HideSolutionNode = FALSE
	EndGlobalSection
	GlobalSection(ExtensibilityGlobals) = postSolution
		SolutionGuid = {E2AFEE77-37AB-462D-A293-7D2B6282B659}
	EndGlobalSection
EndGlobal
